
Microsoft Visual Studio Solution File, Format Version 12.00
# Visual Studio Version 16
VisualStudioVersion = 16.0.31424.327
MinimumVisualStudioVersion = 10.0.40219.1
Project("{FAE04EC0-301F-11D3-BF4B-00C04F79EFBC}") = "ConsentCollector.API", "ConsentCollector.API\ConsentCollector.API.csproj", "{F65F0D02-06F7-4082-ADF3-EBA718E93AE3}"
EndProject
Project("{FAE04EC0-301F-11D3-BF4B-00C04F79EFBC}") = "ConsentCollector.Business", "ConsentCollector.Business\ConsentCollector.Business.csproj", "{8D491259-A326-43D6-BB35-94DC42E8B4DF}"
EndProject
Project("{FAE04EC0-301F-11D3-BF4B-00C04F79EFBC}") = "ConsentCollector.Persistance", "ConsentCollector.Persistance\ConsentCollector.Persistance.csproj", "{B49D73C4-CB90-431B-B7A9-B72D4F53C826}"
EndProject
Global
	GlobalSection(SolutionConfigurationPlatforms) = preSolution
		Debug|Any CPU = Debug|Any CPU
		Release|Any CPU = Release|Any CPU
	EndGlobalSection
	GlobalSection(ProjectConfigurationPlatforms) = postSolution
		{F65F0D02-06F7-4082-ADF3-EBA718E93AE3}.Debug|Any CPU.ActiveCfg = Debug|Any CPU
		{F65F0D02-06F7-4082-ADF3-EBA718E93AE3}.Debug|Any CPU.Build.0 = Debug|Any CPU
		{F65F0D02-06F7-4082-ADF3-EBA718E93AE3}.Release|Any CPU.ActiveCfg = Release|Any CPU
		{F65F0D02-06F7-4082-ADF3-EBA718E93AE3}.Release|Any CPU.Build.0 = Release|Any CPU
		{8D491259-A326-43D6-BB35-94DC42E8B4DF}.Debug|Any CPU.ActiveCfg = Debug|Any CPU
		{8D491259-A326-43D6-BB35-94DC42E8B4DF}.Debug|Any CPU.Build.0 = Debug|Any CPU
		{8D491259-A326-43D6-BB35-94DC42E8B4DF}.Release|Any CPU.ActiveCfg = Release|Any CPU
		{8D491259-A326-43D6-BB35-94DC42E8B4DF}.Release|Any CPU.Build.0 = Release|Any CPU
		{B49D73C4-CB90-431B-B7A9-B72D4F53C826}.Debug|Any CPU.ActiveCfg = Debug|Any CPU
		{B49D73C4-CB90-431B-B7A9-B72D4F53C826}.Debug|Any CPU.Build.0 = Debug|Any CPU
		{B49D73C4-CB90-431B-B7A9-B72D4F53C826}.Release|Any CPU.ActiveCfg = Release|Any CPU
		{B49D73C4-CB90-431B-B7A9-B72D4F53C826}.Release|Any CPU.Build.0 = Release|Any CPU
	EndGlobalSection
	GlobalSection(SolutionProperties) = preSolution
		HideSolutionNode = FALSE
	EndGlobalSection
	GlobalSection(ExtensibilityGlobals) = postSolution
		SolutionGuid = {8055AB96-C54F-42C4-8EB8-168FBDBE0CDE}
	EndGlobalSection
EndGlobal
